// !$*UTF8*$!
{
	archiveVersion = 1;
	classes = {
	};
	objectVersion = 46;
	objects = {

/* Begin PBXBuildFile section */
		54C6D3F61505A523007CFE36 /* UIKit.framework in Frameworks */ = {isa = PBXBuildFile; fileRef = 54C6D3F51505A523007CFE36 /* UIKit.framework */; };
		54C6D3F81505A523007CFE36 /* Foundation.framework in Frameworks */ = {isa = PBXBuildFile; fileRef = 54C6D3F71505A523007CFE36 /* Foundation.framework */; };
		54C6D3FA1505A523007CFE36 /* CoreGraphics.framework in Frameworks */ = {isa = PBXBuildFile; fileRef = 54C6D3F91505A523007CFE36 /* CoreGraphics.framework */; };
		54C6D4001505A523007CFE36 /* InfoPlist.strings in Resources */ = {isa = PBXBuildFile; fileRef = 54C6D3FE1505A523007CFE36 /* InfoPlist.strings */; };
		54C6D4021505A523007CFE36 /* main.m in Sources */ = {isa = PBXBuildFile; fileRef = 54C6D4011505A523007CFE36 /* main.m */; };
		54C6D4061505A523007CFE36 /* CamAppDelegate.m in Sources */ = {isa = PBXBuildFile; fileRef = 54C6D4051505A523007CFE36 /* CamAppDelegate.m */; };
		54C6D4091505A523007CFE36 /* MainStoryboard.storyboard in Resources */ = {isa = PBXBuildFile; fileRef = 54C6D4071505A523007CFE36 /* MainStoryboard.storyboard */; };
		54C6D40C1505A523007CFE36 /* CamViewController.m in Sources */ = {isa = PBXBuildFile; fileRef = 54C6D40B1505A523007CFE36 /* CamViewController.m */; };
		54C6D4141505A523007CFE36 /* SenTestingKit.framework in Frameworks */ = {isa = PBXBuildFile; fileRef = 54C6D4131505A523007CFE36 /* SenTestingKit.framework */; };
		54C6D4151505A523007CFE36 /* UIKit.framework in Frameworks */ = {isa = PBXBuildFile; fileRef = 54C6D3F51505A523007CFE36 /* UIKit.framework */; };
		54C6D4161505A523007CFE36 /* Foundation.framework in Frameworks */ = {isa = PBXBuildFile; fileRef = 54C6D3F71505A523007CFE36 /* Foundation.framework */; };
		54C6D41E1505A523007CFE36 /* InfoPlist.strings in Resources */ = {isa = PBXBuildFile; fileRef = 54C6D41C1505A523007CFE36 /* InfoPlist.strings */; };
		54C6D4211505A523007CFE36 /* Cam22Tests.m in Sources */ = {isa = PBXBuildFile; fileRef = 54C6D4201505A523007CFE36 /* Cam22Tests.m */; };
/* End PBXBuildFile section */

/* Begin PBXContainerItemProxy section */
		54C6D4171505A523007CFE36 /* PBXContainerItemProxy */ = {
			isa = PBXContainerItemProxy;
			containerPortal = 54C6D3E81505A523007CFE36 /* Project object */;
			proxyType = 1;
			remoteGlobalIDString = 54C6D3F01505A523007CFE36;
			remoteInfo = Cam22;
		};
/* End PBXContainerItemProxy section */

/* Begin PBXFileReference section */
		54C6D3F11505A523007CFE36 /* Cam22.app */ = {isa = PBXFileReference; explicitFileType = wrapper.application; includeInIndex = 0; path = Cam22.app; sourceTree = BUILT_PRODUCTS_DIR; };
		54C6D3F51505A523007CFE36 /* UIKit.framework */ = {isa = PBXFileReference; lastKnownFileType = wrapper.framework; name = UIKit.framework; path = System/Library/Frameworks/UIKit.framework; sourceTree = SDKROOT; };
		54C6D3F71505A523007CFE36 /* Foundation.framework */ = {isa = PBXFileReference; lastKnownFileType = wrapper.framework; name = Foundation.framework; path = System/Library/Frameworks/Foundation.framework; sourceTree = SDKROOT; };
		54C6D3F91505A523007CFE36 /* CoreGraphics.framework */ = {isa = PBXFileReference; lastKnownFileType = wrapper.framework; name = CoreGraphics.framework; path = System/Library/Frameworks/CoreGraphics.framework; sourceTree = SDKROOT; };
		54C6D3FD1505A523007CFE36 /* Cam22-Info.plist */ = {isa = PBXFileReference; path = "Cam22-Info.plist"; sourceTree = "<group>"; };
		54C6D3FF1505A523007CFE36 /* en */ = {isa = PBXFileReference; lastKnownFileType = text.plist.strings; name = en; path = en.lproj/InfoPlist.strings; sourceTree = "<group>"; };
		54C6D4011505A523007CFE36 /* main.m */ = {isa = PBXFileReference; lastKnownFileType = sourcecode.c.objc; path = main.m; sourceTree = "<group>"; };
		54C6D4031505A523007CFE36 /* Cam22-Prefix.pch */ = {isa = PBXFileReference; path = "Cam22-Prefix.pch"; sourceTree = "<group>"; };
		54C6D4041505A523007CFE36 /* CamAppDelegate.h */ = {isa = PBXFileReference; path = CamAppDelegate.h; sourceTree = "<group>"; };
		54C6D4051505A523007CFE36 /* CamAppDelegate.m */ = {isa = PBXFileReference; lastKnownFileType = sourcecode.c.objc; path = CamAppDelegate.m; sourceTree = "<group>"; };
		54C6D4081505A523007CFE36 /* en */ = {isa = PBXFileReference; lastKnownFileType = file.storyboard; name = en; path = en.lproj/MainStoryboard.storyboard; sourceTree = "<group>"; };
		54C6D40A1505A523007CFE36 /* CamViewController.h */ = {isa = PBXFileReference; path = CamViewController.h; sourceTree = "<group>"; };
		54C6D40B1505A523007CFE36 /* CamViewController.m */ = {isa = PBXFileReference; lastKnownFileType = sourcecode.c.objc; path = CamViewController.m; sourceTree = "<group>"; };
		54C6D4121505A523007CFE36 /* Cam22Tests.octest */ = {isa = PBXFileReference; explicitFileType = wrapper.cfbundle; includeInIndex = 0; path = Cam22Tests.octest; sourceTree = BUILT_PRODUCTS_DIR; };
		54C6D4131505A523007CFE36 /* SenTestingKit.framework */ = {isa = PBXFileReference; lastKnownFileType = wrapper.framework; name = SenTestingKit.framework; path = Library/Frameworks/SenTestingKit.framework; sourceTree = DEVELOPER_DIR; };
		54C6D41B1505A523007CFE36 /* Cam22Tests-Info.plist */ = {isa = PBXFileReference; path = "Cam22Tests-Info.plist"; sourceTree = "<group>"; };
		54C6D41D1505A523007CFE36 /* en */ = {isa = PBXFileReference; lastKnownFileType = text.plist.strings; name = en; path = en.lproj/InfoPlist.strings; sourceTree = "<group>"; };
		54C6D41F1505A523007CFE36 /* Cam22Tests.h */ = {isa = PBXFileReference; path = Cam22Tests.h; sourceTree = "<group>"; };
		54C6D4201505A523007CFE36 /* Cam22Tests.m */ = {isa = PBXFileReference; lastKnownFileType = sourcecode.c.objc; path = Cam22Tests.m; sourceTree = "<group>"; };
/* End PBXFileReference section */

/* Begin PBXFrameworksBuildPhase section */
		54C6D3EE1505A523007CFE36 /* Frameworks */ = {
			isa = PBXFrameworksBuildPhase;
			buildActionMask = 2147483647;
			files = (
				54C6D3F61505A523007CFE36 /* UIKit.framework in Frameworks */,
				54C6D3F81505A523007CFE36 /* Foundation.framework in Frameworks */,
				54C6D3FA1505A523007CFE36 /* CoreGraphics.framework in Frameworks */,
			);
			runOnlyForDeploymentPostprocessing = 0;
		};
		54C6D40E1505A523007CFE36 /* Frameworks */ = {
			isa = PBXFrameworksBuildPhase;
			buildActionMask = 2147483647;
			files = (
				54C6D4141505A523007CFE36 /* SenTestingKit.framework in Frameworks */,
				54C6D4151505A523007CFE36 /* UIKit.framework in Frameworks */,
				54C6D4161505A523007CFE36 /* Foundation.framework in Frameworks */,
			);
			runOnlyForDeploymentPostprocessing = 0;
		};
/* End PBXFrameworksBuildPhase section */

/* Begin PBXGroup section */
		54C6D3E61505A523007CFE36 = {
			isa = PBXGroup;
			children = (
				54C6D3FB1505A523007CFE36 /* Cam22 */,
				54C6D4191505A523007CFE36 /* Cam22Tests */,
				54C6D3F41505A523007CFE36 /* Frameworks */,
				54C6D3F21505A523007CFE36 /* Products */,
			);
			sourceTree = "<group>";
		};
		54C6D3F21505A523007CFE36 /* Products */ = {
			isa = PBXGroup;
			children = (
				54C6D3F11505A523007CFE36 /* Cam22.app */,
				54C6D4121505A523007CFE36 /* Cam22Tests.octest */,
			);
			name = Products;
			sourceTree = "<group>";
		};
		54C6D3F41505A523007CFE36 /* Frameworks */ = {
			isa = PBXGroup;
			children = (
				54C6D3F51505A523007CFE36 /* UIKit.framework */,
				54C6D3F71505A523007CFE36 /* Foundation.framework */,
				54C6D3F91505A523007CFE36 /* CoreGraphics.framework */,
				54C6D4131505A523007CFE36 /* SenTestingKit.framework */,
			);
			name = Frameworks;
			sourceTree = "<group>";
		};
		54C6D3FB1505A523007CFE36 /* Cam22 */ = {
			isa = PBXGroup;
			children = (
				54C6D4041505A523007CFE36 /* CamAppDelegate.h */,
				54C6D4051505A523007CFE36 /* CamAppDelegate.m */,
				54C6D4071505A523007CFE36 /* MainStoryboard.storyboard */,
				54C6D40A1505A523007CFE36 /* CamViewController.h */,
				54C6D40B1505A523007CFE36 /* CamViewController.m */,
				54C6D3FC1505A523007CFE36 /* Supporting Files */,
			);
			path = Cam22;
			sourceTree = "<group>";
		};
		54C6D3FC1505A523007CFE36 /* Supporting Files */ = {
			isa = PBXGroup;
			children = (
				54C6D3FD1505A523007CFE36 /* Cam22-Info.plist */,
				54C6D3FE1505A523007CFE36 /* InfoPlist.strings */,
				54C6D4011505A523007CFE36 /* main.m */,
				54C6D4031505A523007CFE36 /* Cam22-Prefix.pch */,
			);
			name = "Supporting Files";
			sourceTree = "<group>";
		};
		54C6D4191505A523007CFE36 /* Cam22Tests */ = {
			isa = PBXGroup;
			children = (
				54C6D41F1505A523007CFE36 /* Cam22Tests.h */,
				54C6D4201505A523007CFE36 /* Cam22Tests.m */,
				54C6D41A1505A523007CFE36 /* Supporting Files */,
			);
			path = Cam22Tests;
			sourceTree = "<group>";
		};
		54C6D41A1505A523007CFE36 /* Supporting Files */ = {
			isa = PBXGroup;
			children = (
				54C6D41B1505A523007CFE36 /* Cam22Tests-Info.plist */,
				54C6D41C1505A523007CFE36 /* InfoPlist.strings */,
			);
			name = "Supporting Files";
			sourceTree = "<group>";
		};
/* End PBXGroup section */

/* Begin PBXNativeTarget section */
		54C6D3F01505A523007CFE36 /* Cam22 */ = {
			isa = PBXNativeTarget;
			buildConfigurationList = 54C6D4241505A523007CFE36 /* Build configuration list for PBXNativeTarget "Cam22" */;
			buildPhases = (
				54C6D3ED1505A523007CFE36 /* Sources */,
				54C6D3EE1505A523007CFE36 /* Frameworks */,
				54C6D3EF1505A523007CFE36 /* Resources */,
			);
			buildRules = (
			);
			dependencies = (
			);
			name = Cam22;
			productName = Cam22;
			productReference = 54C6D3F11505A523007CFE36 /* Cam22.app */;
			productType = "com.apple.product-type.application";
		};
		54C6D4111505A523007CFE36 /* Cam22Tests */ = {
			isa = PBXNativeTarget;
			buildConfigurationList = 54C6D4271505A523007CFE36 /* Build configuration list for PBXNativeTarget "Cam22Tests" */;
			buildPhases = (
				54C6D40D1505A523007CFE36 /* Sources */,
				54C6D40E1505A523007CFE36 /* Frameworks */,
				54C6D40F1505A523007CFE36 /* Resources */,
				54C6D4101505A523007CFE36 /* ShellScript */,
			);
			buildRules = (
			);
			dependencies = (
				54C6D4181505A523007CFE36 /* PBXTargetDependency */,
			);
			name = Cam22Tests;
			productName = Cam22Tests;
			productReference = 54C6D4121505A523007CFE36 /* Cam22Tests.octest */;
			productType = "com.apple.product-type.bundle";
		};
/* End PBXNativeTarget section */

/* Begin PBXProject section */
		54C6D3E81505A523007CFE36 /* Project object */ = {
			isa = PBXProject;
			attributes = {
				LastUpgradeCheck = 0420;
				ORGANIZATIONNAME = "Develomentional Development";
			};
			buildConfigurationList = 54C6D3EB1505A523007CFE36 /* Build configuration list for PBXProject "Cam22" */;
			compatibilityVersion = "Xcode 3.2";
			developmentRegion = English;
			hasScannedForEncodings = 0;
			knownRegions = (
				en,
			);
			mainGroup = 54C6D3E61505A523007CFE36;
			productRefGroup = 54C6D3F21505A523007CFE36 /* Products */;
			projectDirPath = "";
			projectRoot = "";
			targets = (
				54C6D3F01505A523007CFE36 /* Cam22 */,
				54C6D4111505A523007CFE36 /* Cam22Tests */,
			);
		};
/* End PBXProject section */

/* Begin PBXResourcesBuildPhase section */
		54C6D3EF1505A523007CFE36 /* Resources */ = {
			isa = PBXResourcesBuildPhase;
			buildActionMask = 2147483647;
			files = (
				54C6D4001505A523007CFE36 /* InfoPlist.strings in Resources */,
				54C6D4091505A523007CFE36 /* MainStoryboard.storyboard in Resources */,
			);
			runOnlyForDeploymentPostprocessing = 0;
		};
		54C6D40F1505A523007CFE36 /* Resources */ = {
			isa = PBXResourcesBuildPhase;
			buildActionMask = 2147483647;
			files = (
				54C6D41E1505A523007CFE36 /* InfoPlist.strings in Resources */,
			);
			runOnlyForDeploymentPostprocessing = 0;
		};
/* End PBXResourcesBuildPhase section */

/* Begin PBXShellScriptBuildPhase section */
		54C6D4101505A523007CFE36 /* ShellScript */ = {
			isa = PBXShellScriptBuildPhase;
			buildActionMask = 2147483647;
			files = (
			);
			inputPaths = (
			);
			outputPaths = (
			);
			runOnlyForDeploymentPostprocessing = 0;
			shellPath = /bin/sh;
			shellScript = "# Run the unit tests in this test bundle.\n\"${SYSTEM_DEVELOPER_DIR}/Tools/RunUnitTests\"\n";
		};
/* End PBXShellScriptBuildPhase section */

/* Begin PBXSourcesBuildPhase section */
		54C6D3ED1505A523007CFE36 /* Sources */ = {
			isa = PBXSourcesBuildPhase;
			buildActionMask = 2147483647;
			files = (
				54C6D4021505A523007CFE36 /* main.m in Sources */,
				54C6D4061505A523007CFE36 /* CamAppDelegate.m in Sources */,
				54C6D40C1505A523007CFE36 /* CamViewController.m in Sources */,
			);
			runOnlyForDeploymentPostprocessing = 0;
		};
		54C6D40D1505A523007CFE36 /* Sources */ = {
			isa = PBXSourcesBuildPhase;
			buildActionMask = 2147483647;
			files = (
				54C6D4211505A523007CFE36 /* Cam22Tests.m in Sources */,
			);
			runOnlyForDeploymentPostprocessing = 0;
		};
/* End PBXSourcesBuildPhase section */

/* Begin PBXTargetDependency section */
		54C6D4181505A523007CFE36 /* PBXTargetDependency */ = {
			isa = PBXTargetDependency;
			target = 54C6D3F01505A523007CFE36 /* Cam22 */;
			targetProxy = 54C6D4171505A523007CFE36 /* PBXContainerItemProxy */;
		};
/* End PBXTargetDependency section */

/* Begin PBXVariantGroup section */
		54C6D3FE1505A523007CFE36 /* InfoPlist.strings */ = {
			isa = PBXVariantGroup;
			children = (
				54C6D3FF1505A523007CFE36 /* en */,
			);
			name = InfoPlist.strings;
			sourceTree = "<group>";
		};
		54C6D4071505A523007CFE36 /* MainStoryboard.storyboard */ = {
			isa = PBXVariantGroup;
			children = (
				54C6D4081505A523007CFE36 /* en */,
			);
			name = MainStoryboard.storyboard;
			sourceTree = "<group>";
		};
		54C6D41C1505A523007CFE36 /* InfoPlist.strings */ = {
			isa = PBXVariantGroup;
			children = (
				54C6D41D1505A523007CFE36 /* en */,
			);
			name = InfoPlist.strings;
			sourceTree = "<group>";
		};
/* End PBXVariantGroup section */

/* Begin XCBuildConfiguration section */
		54C6D4221505A523007CFE36 /* Debug */ = {
			isa = XCBuildConfiguration;
			buildSettings = {
				ALWAYS_SEARCH_USER_PATHS = NO;
				ARCHS = "$(ARCHS_STANDARD_32_BIT)";
				CLANG_ENABLE_OBJC_ARC = YES;
				"CODE_SIGN_IDENTITY[sdk=iphoneos*]" = "iPhone Developer";
				COPY_PHASE_STRIP = NO;
				GCC_C_LANGUAGE_STANDARD = gnu99;
				GCC_DYNAMIC_NO_PIC = NO;
				GCC_OPTIMIZATION_LEVEL = 0;
				GCC_PREPROCESSOR_DEFINITIONS = (
					"DEBUG=1",
					"$(inherited)",
				);
				GCC_SYMBOLS_PRIVATE_EXTERN = NO;
				GCC_VERSION = com.apple.compilers.llvm.clang.1_0;
				GCC_WARN_ABOUT_MISSING_PROTOTYPES = YES;
				GCC_WARN_ABOUT_RETURN_TYPE = YES;
				GCC_WARN_UNUSED_VARIABLE = YES;
				IPHONEOS_DEPLOYMENT_TARGET = 5.0;
				SDKROOT = iphoneos;
			};
			name = Debug;
		};
		54C6D4231505A523007CFE36 /* Release */ = {
			isa = XCBuildConfiguration;
			buildSettings = {
				ALWAYS_SEARCH_USER_PATHS = NO;
				ARCHS = "$(ARCHS_STANDARD_32_BIT)";
				CLANG_ENABLE_OBJC_ARC = YES;
				"CODE_SIGN_IDENTITY[sdk=iphoneos*]" = "iPhone Developer";
				COPY_PHASE_STRIP = YES;
				GCC_C_LANGUAGE_STANDARD = gnu99;
				GCC_VERSION = com.apple.compilers.llvm.clang.1_0;
				GCC_WARN_ABOUT_MISSING_PROTOTYPES = YES;
				GCC_WARN_ABOUT_RETURN_TYPE = YES;
				GCC_WARN_UNUSED_VARIABLE = YES;
				IPHONEOS_DEPLOYMENT_TARGET = 5.0;
				OTHER_CFLAGS = "-DNS_BLOCK_ASSERTIONS=1";
				SDKROOT = iphoneos;
				VALIDATE_PRODUCT = YES;
			};
			name = Release;
		};
		54C6D4251505A523007CFE36 /* Debug */ = {
			isa = XCBuildConfiguration;
			buildSettings = {
				GCC_PRECOMPILE_PREFIX_HEADER = YES;
				GCC_PREFIX_HEADER = "Cam22/Cam22-Prefix.pch";
				INFOPLIST_FILE = "Cam22/Cam22-Info.plist";
				PRODUCT_NAME = "$(TARGET_NAME)";
				WRAPPER_EXTENSION = app;
			};
			name = Debug;
		};
		54C6D4261505A523007CFE36 /* Release */ = {
			isa = XCBuildConfiguration;
			buildSettings = {
				GCC_PRECOMPILE_PREFIX_HEADER = YES;
				GCC_PREFIX_HEADER = "Cam22/Cam22-Prefix.pch";
				INFOPLIST_FILE = "Cam22/Cam22-Info.plist";
				PRODUCT_NAME = "$(TARGET_NAME)";
				WRAPPER_EXTENSION = app;
			};
			name = Release;
		};
		54C6D4281505A523007CFE36 /* Debug */ = {
			isa = XCBuildConfiguration;
			buildSettings = {
				BUNDLE_LOADER = "$(BUILT_PRODUCTS_DIR)/Cam22.app/Cam22";
				FRAMEWORK_SEARCH_PATHS = (
					"$(SDKROOT)/Developer/Library/Frameworks",
					"$(DEVELOPER_LIBRARY_DIR)/Frameworks",
				);
				GCC_PRECOMPILE_PREFIX_HEADER = YES;
				GCC_PREFIX_HEADER = "Cam22/Cam22-Prefix.pch";
				INFOPLIST_FILE = "Cam22Tests/Cam22Tests-Info.plist";
				PRODUCT_NAME = "$(TARGET_NAME)";
				TEST_HOST = "$(BUNDLE_LOADER)";
				WRAPPER_EXTENSION = octest;
			};
			name = Debug;
		};
		54C6D4291505A523007CFE36 /* Release */ = {
			isa = XCBuildConfiguration;
			buildSettings = {
				BUNDLE_LOADER = "$(BUILT_PRODUCTS_DIR)/Cam22.app/Cam22";
				FRAMEWORK_SEARCH_PATHS = (
					"$(SDKROOT)/Developer/Library/Frameworks",
					"$(DEVELOPER_LIBRARY_DIR)/Frameworks",
				);
				GCC_PRECOMPILE_PREFIX_HEADER = YES;
				GCC_PREFIX_HEADER = "Cam22/Cam22-Prefix.pch";
				INFOPLIST_FILE = "Cam22Tests/Cam22Tests-Info.plist";
				PRODUCT_NAME = "$(TARGET_NAME)";
				TEST_HOST = "$(BUNDLE_LOADER)";
				WRAPPER_EXTENSION = octest;
			};
			name = Release;
		};
/* End XCBuildConfiguration section */

/* Begin XCConfigurationList section */
		54C6D3EB1505A523007CFE36 /* Build configuration list for PBXProject "Cam22" */ = {
			isa = XCConfigurationList;
			buildConfigurations = (
				54C6D4221505A523007CFE36 /* Debug */,
				54C6D4231505A523007CFE36 /* Release */,
			);
			defaultConfigurationIsVisible = 0;
			defaultConfigurationName = Release;
		};
		54C6D4241505A523007CFE36 /* Build configuration list for PBXNativeTarget "Cam22" */ = {
			isa = XCConfigurationList;
			buildConfigurations = (
				54C6D4251505A523007CFE36 /* Debug */,
				54C6D4261505A523007CFE36 /* Release */,
			);
			defaultConfigurationIsVisible = 0;
		};
		54C6D4271505A523007CFE36 /* Build configuration list for PBXNativeTarget "Cam22Tests" */ = {
			isa = XCConfigurationList;
			buildConfigurations = (
				54C6D4281505A523007CFE36 /* Debug */,
				54C6D4291505A523007CFE36 /* Release */,
			);
			defaultConfigurationIsVisible = 0;
		};
/* End XCConfigurationList section */
	};
	rootObject = 54C6D3E81505A523007CFE36 /* Project object */;
}
